<?xml version="1.0" encoding="utf-8"?>
<Project ToolsVersion="4.0" xmlns="http://schemas.microsoft.com/developer/msbuild/2003">
  <ItemGroup>
    <Filter Include="소스 파일">
      <UniqueIdentifier>{4FC737F1-C7A5-4376-A066-2A32D752A2FF}</UniqueIdentifier>
      <Extensions>cpp;c;cc;cxx;def;odl;idl;hpj;bat;asm;asmx</Extensions>
    </Filter>
    <Filter Include="헤더 파일">
      <UniqueIdentifier>{93995380-89BD-4b04-88EB-625FBE52EBFB}</UniqueIdentifier>
      <Extensions>h;hh;hpp;hxx;hm;inl;inc;ipp;xsd</Extensions>
    </Filter>
    <Filter Include="리소스 파일">
      <UniqueIdentifier>{67DA6AB6-F800-4c08-8B7A-83BB121AAD01}</UniqueIdentifier>
      <Extensions>rc;ico;cur;bmp;dlg;rc2;rct;bin;rgs;gif;jpg;jpeg;jpe;resx;tiff;tif;png;wav;mfcribbon-ms</Extensions>
    </Filter>
    <Filter Include="소스 파일\실패한것들..">
      <UniqueIdentifier>{af22b13c-4b7e-494d-984f-cf14772d692e}</UniqueIdentifier>
    </Filter>
  </ItemGroup>
  <ItemGroup>
    <ClCompile Include="2629양팔저울.cpp">
      <Filter>소스 파일\실패한것들..</Filter>
    </ClCompile>
    <ClCompile Include="14890경사로.cpp">
      <Filter>소스 파일\실패한것들..</Filter>
    </ClCompile>
    <ClCompile Include="1080행렬.cpp">
      <Filter>소스 파일\실패한것들..</Filter>
    </ClCompile>
    <ClCompile Include="1991트리 순회.cpp">
      <Filter>소스 파일\실패한것들..</Filter>
    </ClCompile>
    <ClCompile Include="5639 이진 검색 트리.cpp">
      <Filter>소스 파일\실패한것들..</Filter>
    </ClCompile>
    <ClCompile Include="12886돌 그룹.cpp">
      <Filter>소스 파일\실패한것들..</Filter>
    </ClCompile>
    <ClCompile Include="14681사분면 고르기.cpp">
      <Filter>소스 파일\실패한것들..</Filter>
    </ClCompile>
    <ClCompile Include="16954움직이는 미로 탈출.cpp">
      <Filter>소스 파일\실패한것들..</Filter>
    </ClCompile>
    <ClCompile Include="1790 수 이어 쓰기2.cpp">
      <Filter>소스 파일</Filter>
    </ClCompile>
    <ClCompile Include="2138전구와 스위치.cpp">
      <Filter>소스 파일</Filter>
    </ClCompile>
    <ClCompile Include="1475방 번호.cpp">
      <Filter>소스 파일</Filter>
    </ClCompile>
    <ClCompile Include="EX.cpp">
      <Filter>소스 파일</Filter>
    </ClCompile>
    <ClCompile Include="4889안정적인 문자열.cpp">
      <Filter>소스 파일</Filter>
    </ClCompile>
    <ClCompile Include="17136색종이 붙이기.cpp">
      <Filter>소스 파일</Filter>
    </ClCompile>
    <ClCompile Include="17281⚾.cpp">
      <Filter>소스 파일</Filter>
    </ClCompile>
    <ClCompile Include="1918후위표기식.cpp">
      <Filter>소스 파일</Filter>
    </ClCompile>
  </ItemGroup>
</Project>