<?xml version="1.0" encoding="utf-8"?>
<Project ToolsVersion="4.0" xmlns="http://schemas.microsoft.com/developer/msbuild/2003">
  <ItemGroup>
    <Filter Include="소스 파일">
      <UniqueIdentifier>{4FC737F1-C7A5-4376-A066-2A32D752A2FF}</UniqueIdentifier>
      <Extensions>cpp;c;cc;cxx;def;odl;idl;hpj;bat;asm;asmx</Extensions>
    </Filter>
    <Filter Include="헤더 파일">
      <UniqueIdentifier>{93995380-89BD-4b04-88EB-625FBE52EBFB}</UniqueIdentifier>
      <Extensions>h;hh;hpp;hxx;hm;inl;inc;ipp;xsd</Extensions>
    </Filter>
    <Filter Include="리소스 파일">
      <UniqueIdentifier>{67DA6AB6-F800-4c08-8B7A-83BB121AAD01}</UniqueIdentifier>
      <Extensions>rc;ico;cur;bmp;dlg;rc2;rct;bin;rgs;gif;jpg;jpeg;jpe;resx;tiff;tif;png;wav;mfcribbon-ms</Extensions>
    </Filter>
    <Filter Include="소스 파일\최근에 푼거!">
      <UniqueIdentifier>{4d00a3f9-7d2e-4f68-bf20-dcecf0625f28}</UniqueIdentifier>
    </Filter>
    <Filter Include="소스 파일\오늘푼거">
      <UniqueIdentifier>{ae8892c3-3acc-413c-8dd9-218da433ec72}</UniqueIdentifier>
    </Filter>
    <Filter Include="소스 파일\코테기록">
      <UniqueIdentifier>{2709f3ad-6fb0-496d-a441-1eb2106f449f}</UniqueIdentifier>
    </Filter>
  </ItemGroup>
  <ItemGroup>
    <ClCompile Include="가장 긴 증가하는 부분 수열2.cpp">
      <Filter>소스 파일\최근에 푼거!</Filter>
    </ClCompile>
    <ClCompile Include="1790 수 이어 쓰기2.cpp">
      <Filter>소스 파일\최근에 푼거!</Filter>
    </ClCompile>
    <ClCompile Include="1543문서 검색.cpp">
      <Filter>소스 파일\최근에 푼거!</Filter>
    </ClCompile>
    <ClCompile Include="9996번 한국이 그리울 떈 서버에 접속하지.cpp">
      <Filter>소스 파일\최근에 푼거!</Filter>
    </ClCompile>
    <ClCompile Include="가장 긴 펠린드롬.cpp">
      <Filter>소스 파일\최근에 푼거!</Filter>
    </ClCompile>
    <ClCompile Include="자동완성.cpp">
      <Filter>소스 파일\최근에 푼거!</Filter>
    </ClCompile>
    <ClCompile Include="2020 상반기 여름 카카오 인턴 코테.cpp">
      <Filter>소스 파일\코테기록</Filter>
    </ClCompile>
    <ClCompile Include="124 나라의 숫자.cpp">
      <Filter>소스 파일\최근에 푼거!</Filter>
    </ClCompile>
    <ClCompile Include="1631역사[실패].cpp">
      <Filter>소스 파일\최근에 푼거!</Filter>
    </ClCompile>
    <ClCompile Include="1371가장 많은 글자.cpp">
      <Filter>소스 파일\최근에 푼거!</Filter>
    </ClCompile>
    <ClCompile Include="3986좋은단어.cpp">
      <Filter>소스 파일\오늘푼거</Filter>
    </ClCompile>
    <ClCompile Include="2504 괄호의값(다시풀기).cpp">
      <Filter>소스 파일\오늘푼거</Filter>
    </ClCompile>
  </ItemGroup>
</Project>