<?xml version="1.0" encoding="utf-8"?>
<Project ToolsVersion="4.0" xmlns="http://schemas.microsoft.com/developer/msbuild/2003">
  <ItemGroup>
    <Filter Include="소스 파일">
      <UniqueIdentifier>{4FC737F1-C7A5-4376-A066-2A32D752A2FF}</UniqueIdentifier>
      <Extensions>cpp;c;cc;cxx;def;odl;idl;hpj;bat;asm;asmx</Extensions>
    </Filter>
    <Filter Include="헤더 파일">
      <UniqueIdentifier>{93995380-89BD-4b04-88EB-625FBE52EBFB}</UniqueIdentifier>
      <Extensions>h;hh;hpp;hxx;hm;inl;inc;ipp;xsd</Extensions>
    </Filter>
    <Filter Include="리소스 파일">
      <UniqueIdentifier>{67DA6AB6-F800-4c08-8B7A-83BB121AAD01}</UniqueIdentifier>
      <Extensions>rc;ico;cur;bmp;dlg;rc2;rct;bin;rgs;gif;jpg;jpeg;jpe;resx;tiff;tif;png;wav;mfcribbon-ms</Extensions>
    </Filter>
    <Filter Include="소스 파일\최근에 푼거!">
      <UniqueIdentifier>{4d00a3f9-7d2e-4f68-bf20-dcecf0625f28}</UniqueIdentifier>
    </Filter>
    <Filter Include="소스 파일\코테">
      <UniqueIdentifier>{2709f3ad-6fb0-496d-a441-1eb2106f449f}</UniqueIdentifier>
    </Filter>
  </ItemGroup>
  <ItemGroup>
    <ClCompile Include="2776암기왕.cpp">
      <Filter>소스 파일\최근에 푼거!</Filter>
    </ClCompile>
    <ClCompile Include="가장 긴 증가하는 부분 수열2.cpp">
      <Filter>소스 파일\최근에 푼거!</Filter>
    </ClCompile>
    <ClCompile Include="1790 수 이어 쓰기2.cpp">
      <Filter>소스 파일\최근에 푼거!</Filter>
    </ClCompile>
    <ClCompile Include="2138전구와 스위치.cpp">
      <Filter>소스 파일\최근에 푼거!</Filter>
    </ClCompile>
    <ClCompile Include="2343기타레슨.cpp">
      <Filter>소스 파일\최근에 푼거!</Filter>
    </ClCompile>
    <ClCompile Include="2792보석상자.cpp">
      <Filter>소스 파일\최근에 푼거!</Filter>
    </ClCompile>
    <ClCompile Include="3079입국심사.cpp">
      <Filter>소스 파일\최근에 푼거!</Filter>
    </ClCompile>
    <ClCompile Include="3671산업 스파이의 편지.cpp">
      <Filter>소스 파일\최근에 푼거!</Filter>
    </ClCompile>
    <ClCompile Include="6236공유기 설치.cpp">
      <Filter>소스 파일\최근에 푼거!</Filter>
    </ClCompile>
    <ClCompile Include="6236용돈관리.cpp">
      <Filter>소스 파일\최근에 푼거!</Filter>
    </ClCompile>
    <ClCompile Include="15810풍선 공장.cpp">
      <Filter>소스 파일\최근에 푼거!</Filter>
    </ClCompile>
    <ClCompile Include="16401과자 나눠주기.cpp">
      <Filter>소스 파일\최근에 푼거!</Filter>
    </ClCompile>
    <ClCompile Include="16935배열 돌리기3.cpp">
      <Filter>소스 파일\최근에 푼거!</Filter>
    </ClCompile>
    <ClCompile Include="자물쇠와 열쇠.cpp">
      <Filter>소스 파일\최근에 푼거!</Filter>
    </ClCompile>
    <ClCompile Include="카카오 인턴 코테.cpp">
      <Filter>소스 파일\코테</Filter>
    </ClCompile>
    <ClCompile Include="n 진수 게임.cpp">
      <Filter>소스 파일\최근에 푼거!</Filter>
    </ClCompile>
    <ClCompile Include="1009 분산처리.cpp">
      <Filter>소스 파일\최근에 푼거!</Filter>
    </ClCompile>
    <ClCompile Include="1138한 줄로 서기.cpp">
      <Filter>소스 파일\최근에 푼거!</Filter>
    </ClCompile>
    <ClCompile Include="10988펠린드롬인지 확인하기.cpp">
      <Filter>소스 파일\최근에 푼거!</Filter>
    </ClCompile>
    <ClCompile Include="징검다리 건너기.cpp">
      <Filter>소스 파일\최근에 푼거!</Filter>
    </ClCompile>
    <ClCompile Include="124 나라의 숫자.cpp">
      <Filter>소스 파일\코테</Filter>
    </ClCompile>
    <ClCompile Include="JadenCase 문자열 만들기.cpp">
      <Filter>소스 파일</Filter>
    </ClCompile>
    <ClCompile Include="짝지어 제거하기.cpp">
      <Filter>소스 파일</Filter>
    </ClCompile>
  </ItemGroup>
</Project>