
Microsoft Visual Studio Solution File, Format Version 12.00
# Visual Studio 15
VisualStudioVersion = 15.0.28307.489
MinimumVisualStudioVersion = 10.0.40219.1
Project("{8BC9CEB8-8B4A-11D0-8D11-00A0C91BC942}") = "VSproject", "VSproject\VSproject.vcxproj", "{E9018E22-3D2F-41E9-962F-A5FB48F6C76D}"
EndProject
Global
	GlobalSection(SolutionConfigurationPlatforms) = preSolution
		Debug|x64 = Debug|x64
		Debug|x86 = Debug|x86
		Release|x64 = Release|x64
		Release|x86 = Release|x86
	EndGlobalSection
	GlobalSection(ProjectConfigurationPlatforms) = postSolution
		{E9018E22-3D2F-41E9-962F-A5FB48F6C76D}.Debug|x64.ActiveCfg = Debug|x64
		{E9018E22-3D2F-41E9-962F-A5FB48F6C76D}.Debug|x64.Build.0 = Debug|x64
		{E9018E22-3D2F-41E9-962F-A5FB48F6C76D}.Debug|x86.ActiveCfg = Debug|Win32
		{E9018E22-3D2F-41E9-962F-A5FB48F6C76D}.Debug|x86.Build.0 = Debug|Win32
		{E9018E22-3D2F-41E9-962F-A5FB48F6C76D}.Release|x64.ActiveCfg = Release|x64
		{E9018E22-3D2F-41E9-962F-A5FB48F6C76D}.Release|x64.Build.0 = Release|x64
		{E9018E22-3D2F-41E9-962F-A5FB48F6C76D}.Release|x86.ActiveCfg = Release|Win32
		{E9018E22-3D2F-41E9-962F-A5FB48F6C76D}.Release|x86.Build.0 = Release|Win32
	EndGlobalSection
	GlobalSection(SolutionProperties) = preSolution
		HideSolutionNode = FALSE
	EndGlobalSection
	GlobalSection(ExtensibilityGlobals) = postSolution
		SolutionGuid = {13344D39-9BF6-473C-B7F9-025833287B5E}
	EndGlobalSection
EndGlobal
